
Microsoft Visual Studio Solution File, Format Version 12.00
Project("{2150E333-8FDC-42A3-9474-1A3956D46DE8}") = "NetExt.Core", "NetExt.Core", "{B82A61ED-A059-4AB5-BF28-738CF14F0928}"
EndProject
Project("{FAE04EC0-301F-11D3-BF4B-00C04F79EFBC}") = "NetExt.Core", "NetExt.Core\NetExt.Core\NetExt.Core.csproj", "{F6556E77-DB86-43B4-8D58-85FE075880A2}"
EndProject
Project("{2150E333-8FDC-42A3-9474-1A3956D46DE8}") = "_SolutionItems", "_SolutionItems", "{068529ED-8648-41C5-AAF0-094965DF3517}"
	ProjectSection(SolutionItems) = preProject
		.editorconfig = .editorconfig
	EndProjectSection
EndProject
Global
	GlobalSection(SolutionConfigurationPlatforms) = preSolution
		Debug|Any CPU = Debug|Any CPU
		Release|Any CPU = Release|Any CPU
	EndGlobalSection
	GlobalSection(ProjectConfigurationPlatforms) = postSolution
		{F6556E77-DB86-43B4-8D58-85FE075880A2}.Debug|Any CPU.ActiveCfg = Debug|Any CPU
		{F6556E77-DB86-43B4-8D58-85FE075880A2}.Debug|Any CPU.Build.0 = Debug|Any CPU
		{F6556E77-DB86-43B4-8D58-85FE075880A2}.Release|Any CPU.ActiveCfg = Release|Any CPU
		{F6556E77-DB86-43B4-8D58-85FE075880A2}.Release|Any CPU.Build.0 = Release|Any CPU
	EndGlobalSection
	GlobalSection(NestedProjects) = preSolution
		{F6556E77-DB86-43B4-8D58-85FE075880A2} = {B82A61ED-A059-4AB5-BF28-738CF14F0928}
	EndGlobalSection
EndGlobal
